
Microsoft Visual Studio Solution File, Format Version 12.00
# Visual Studio Version 17
VisualStudioVersion = 17.0.31717.71
MinimumVisualStudioVersion = 10.0.40219.1
Project("{9A19103F-16F7-4668-BE54-9A1E7A4F7556}") = "Net6WebApi", "Net6WebApi\Net6WebApi.csproj", "{B83F5944-DCF4-4425-90FC-4D7C04086692}"
EndProject
Project("{9A19103F-16F7-4668-BE54-9A1E7A4F7556}") = "Test.Net6WebApi", "Test.Net6WebApi\Test.Net6WebApi.csproj", "{1B236BE1-B212-4946-957D-419A53E82E48}"
EndProject
Project("{FAE04EC0-301F-11D3-BF4B-00C04F79EFBC}") = "Test.Net5WebApi", "Test.Net5WebApi\Test.Net5WebApi.csproj", "{BC9B5B70-8C9C-482A-A556-4318D2DC4DB5}"
EndProject
Project("{FAE04EC0-301F-11D3-BF4B-00C04F79EFBC}") = "Net5WebApi", "Net5WebApi\Net5WebApi.csproj", "{EE1F5BE2-B492-44DB-BCC4-0172481986A7}"
EndProject
Global
	GlobalSection(SolutionConfigurationPlatforms) = preSolution
		Debug|Any CPU = Debug|Any CPU
		Release|Any CPU = Release|Any CPU
	EndGlobalSection
	GlobalSection(ProjectConfigurationPlatforms) = postSolution
		{B83F5944-DCF4-4425-90FC-4D7C04086692}.Debug|Any CPU.ActiveCfg = Debug|Any CPU
		{B83F5944-DCF4-4425-90FC-4D7C04086692}.Debug|Any CPU.Build.0 = Debug|Any CPU
		{B83F5944-DCF4-4425-90FC-4D7C04086692}.Release|Any CPU.ActiveCfg = Release|Any CPU
		{B83F5944-DCF4-4425-90FC-4D7C04086692}.Release|Any CPU.Build.0 = Release|Any CPU
		{1B236BE1-B212-4946-957D-419A53E82E48}.Debug|Any CPU.ActiveCfg = Debug|Any CPU
		{1B236BE1-B212-4946-957D-419A53E82E48}.Debug|Any CPU.Build.0 = Debug|Any CPU
		{1B236BE1-B212-4946-957D-419A53E82E48}.Release|Any CPU.ActiveCfg = Release|Any CPU
		{1B236BE1-B212-4946-957D-419A53E82E48}.Release|Any CPU.Build.0 = Release|Any CPU
		{BC9B5B70-8C9C-482A-A556-4318D2DC4DB5}.Debug|Any CPU.ActiveCfg = Debug|Any CPU
		{BC9B5B70-8C9C-482A-A556-4318D2DC4DB5}.Debug|Any CPU.Build.0 = Debug|Any CPU
		{BC9B5B70-8C9C-482A-A556-4318D2DC4DB5}.Release|Any CPU.ActiveCfg = Release|Any CPU
		{BC9B5B70-8C9C-482A-A556-4318D2DC4DB5}.Release|Any CPU.Build.0 = Release|Any CPU
		{EE1F5BE2-B492-44DB-BCC4-0172481986A7}.Debug|Any CPU.ActiveCfg = Debug|Any CPU
		{EE1F5BE2-B492-44DB-BCC4-0172481986A7}.Debug|Any CPU.Build.0 = Debug|Any CPU
		{EE1F5BE2-B492-44DB-BCC4-0172481986A7}.Release|Any CPU.ActiveCfg = Release|Any CPU
		{EE1F5BE2-B492-44DB-BCC4-0172481986A7}.Release|Any CPU.Build.0 = Release|Any CPU
	EndGlobalSection
	GlobalSection(SolutionProperties) = preSolution
		HideSolutionNode = FALSE
	EndGlobalSection
	GlobalSection(ExtensibilityGlobals) = postSolution
		SolutionGuid = {C2834C7A-B0BC-4936-A834-DA186F783733}
	EndGlobalSection
EndGlobal
