
Microsoft Visual Studio Solution File, Format Version 12.00
# Visual Studio Version 16
VisualStudioVersion = 16.0.31702.278
MinimumVisualStudioVersion = 10.0.40219.1
Project("{9A19103F-16F7-4668-BE54-9A1E7A4F7556}") = "Net6WepApp", "Net6WepApp\Net6WepApp.csproj", "{C0F708DA-B56D-4658-AC3B-D0E7DFDF5FC7}"
EndProject
Project("{FAE04EC0-301F-11D3-BF4B-00C04F79EFBC}") = "Test.Net6WepApp", "Test.Net6WepApp\Test.Net6WepApp.csproj", "{FFBBD65E-5C46-4240-A9E5-84EC797D7081}"
EndProject
Global
	GlobalSection(SolutionConfigurationPlatforms) = preSolution
		Debug|Any CPU = Debug|Any CPU
		Release|Any CPU = Release|Any CPU
	EndGlobalSection
	GlobalSection(ProjectConfigurationPlatforms) = postSolution
		{C0F708DA-B56D-4658-AC3B-D0E7DFDF5FC7}.Debug|Any CPU.ActiveCfg = Debug|Any CPU
		{C0F708DA-B56D-4658-AC3B-D0E7DFDF5FC7}.Debug|Any CPU.Build.0 = Debug|Any CPU
		{C0F708DA-B56D-4658-AC3B-D0E7DFDF5FC7}.Release|Any CPU.ActiveCfg = Release|Any CPU
		{C0F708DA-B56D-4658-AC3B-D0E7DFDF5FC7}.Release|Any CPU.Build.0 = Release|Any CPU
		{FFBBD65E-5C46-4240-A9E5-84EC797D7081}.Debug|Any CPU.ActiveCfg = Debug|Any CPU
		{FFBBD65E-5C46-4240-A9E5-84EC797D7081}.Debug|Any CPU.Build.0 = Debug|Any CPU
		{FFBBD65E-5C46-4240-A9E5-84EC797D7081}.Release|Any CPU.ActiveCfg = Release|Any CPU
		{FFBBD65E-5C46-4240-A9E5-84EC797D7081}.Release|Any CPU.Build.0 = Release|Any CPU
	EndGlobalSection
	GlobalSection(SolutionProperties) = preSolution
		HideSolutionNode = FALSE
	EndGlobalSection
	GlobalSection(ExtensibilityGlobals) = postSolution
		SolutionGuid = {C2834C7A-B0BC-4936-A834-DA186F783733}
	EndGlobalSection
EndGlobal
