
Microsoft Visual Studio Solution File, Format Version 12.00
# Visual Studio Version 17
VisualStudioVersion = 17.0.31717.71
MinimumVisualStudioVersion = 10.0.40219.1
Project("{FAE04EC0-301F-11D3-BF4B-00C04F79EFBC}") = "NetWebApi", "NetWebApi\NetWebApi.csproj", "{EEF07355-CE12-46E7-BB10-E85DE419ACDE}"
EndProject
Project("{FAE04EC0-301F-11D3-BF4B-00C04F79EFBC}") = "Test.NetWebApi", "Test.NetWebApi\Test.NetWebApi.csproj", "{EE39371D-F95A-40FF-9364-12A9DE7CE4CD}"
EndProject
Global
	GlobalSection(SolutionConfigurationPlatforms) = preSolution
		Debug|Any CPU = Debug|Any CPU
		Release|Any CPU = Release|Any CPU
	EndGlobalSection
	GlobalSection(ProjectConfigurationPlatforms) = postSolution
		{EEF07355-CE12-46E7-BB10-E85DE419ACDE}.Debug|Any CPU.ActiveCfg = Debug|Any CPU
		{EEF07355-CE12-46E7-BB10-E85DE419ACDE}.Debug|Any CPU.Build.0 = Debug|Any CPU
		{EEF07355-CE12-46E7-BB10-E85DE419ACDE}.Release|Any CPU.ActiveCfg = Release|Any CPU
		{EEF07355-CE12-46E7-BB10-E85DE419ACDE}.Release|Any CPU.Build.0 = Release|Any CPU
		{EE39371D-F95A-40FF-9364-12A9DE7CE4CD}.Debug|Any CPU.ActiveCfg = Debug|Any CPU
		{EE39371D-F95A-40FF-9364-12A9DE7CE4CD}.Debug|Any CPU.Build.0 = Debug|Any CPU
		{EE39371D-F95A-40FF-9364-12A9DE7CE4CD}.Release|Any CPU.ActiveCfg = Release|Any CPU
		{EE39371D-F95A-40FF-9364-12A9DE7CE4CD}.Release|Any CPU.Build.0 = Release|Any CPU
	EndGlobalSection
	GlobalSection(SolutionProperties) = preSolution
		HideSolutionNode = FALSE
	EndGlobalSection
	GlobalSection(ExtensibilityGlobals) = postSolution
		SolutionGuid = {C2834C7A-B0BC-4936-A834-DA186F783733}
	EndGlobalSection
EndGlobal
