
Microsoft Visual Studio Solution File, Format Version 12.00
# Visual Studio Version 17
VisualStudioVersion = 17.0.31717.71
MinimumVisualStudioVersion = 10.0.40219.1
Project("{FAE04EC0-301F-11D3-BF4B-00C04F79EFBC}") = "NetWebApi", "NetWebApi\NetWebApi.csproj", "{EEF07355-CE12-46E7-BB10-E85DE419ACDE}"
EndProject
Project("{FAE04EC0-301F-11D3-BF4B-00C04F79EFBC}") = "Test.NetWebApi", "Test.NetWebApi\Test.NetWebApi.csproj", "{EE39371D-F95A-40FF-9364-12A9DE7CE4CD}"
EndProject
Project("{FAE04EC0-301F-11D3-BF4B-00C04F79EFBC}") = "DataLayer", "DataLayer\DataLayer.csproj", "{CCF7FB8F-DD07-45B8-B0D2-25D262E1709A}"
EndProject
Project("{2150E333-8FDC-42A3-9474-1A3956D46DE8}") = "_Solution Items", "_Solution Items", "{41980EB9-5EEF-4323-9C94-B5FC3621109D}"
	ProjectSection(SolutionItems) = preProject
		Directory.Build.props = Directory.Build.props
		Directory.Packages.props = Directory.Packages.props
	EndProjectSection
EndProject
Project("{FAE04EC0-301F-11D3-BF4B-00C04F79EFBC}") = "Test.Shared", "Test.Shared\Test.Shared.csproj", "{3FBCFF7D-61A8-4FB7-B278-A799A2B283CD}"
EndProject
Project("{FAE04EC0-301F-11D3-BF4B-00C04F79EFBC}") = "Api.Shared", "Api.Shared\Api.Shared.csproj", "{CC3A045C-3681-43D6-9217-3297B036833D}"
EndProject
Global
	GlobalSection(SolutionConfigurationPlatforms) = preSolution
		Debug|Any CPU = Debug|Any CPU
		Release|Any CPU = Release|Any CPU
	EndGlobalSection
	GlobalSection(ProjectConfigurationPlatforms) = postSolution
		{EEF07355-CE12-46E7-BB10-E85DE419ACDE}.Debug|Any CPU.ActiveCfg = Debug|Any CPU
		{EEF07355-CE12-46E7-BB10-E85DE419ACDE}.Debug|Any CPU.Build.0 = Debug|Any CPU
		{EEF07355-CE12-46E7-BB10-E85DE419ACDE}.Release|Any CPU.ActiveCfg = Release|Any CPU
		{EEF07355-CE12-46E7-BB10-E85DE419ACDE}.Release|Any CPU.Build.0 = Release|Any CPU
		{EE39371D-F95A-40FF-9364-12A9DE7CE4CD}.Debug|Any CPU.ActiveCfg = Debug|Any CPU
		{EE39371D-F95A-40FF-9364-12A9DE7CE4CD}.Debug|Any CPU.Build.0 = Debug|Any CPU
		{EE39371D-F95A-40FF-9364-12A9DE7CE4CD}.Release|Any CPU.ActiveCfg = Release|Any CPU
		{EE39371D-F95A-40FF-9364-12A9DE7CE4CD}.Release|Any CPU.Build.0 = Release|Any CPU
		{CCF7FB8F-DD07-45B8-B0D2-25D262E1709A}.Debug|Any CPU.ActiveCfg = Debug|Any CPU
		{CCF7FB8F-DD07-45B8-B0D2-25D262E1709A}.Debug|Any CPU.Build.0 = Debug|Any CPU
		{CCF7FB8F-DD07-45B8-B0D2-25D262E1709A}.Release|Any CPU.ActiveCfg = Release|Any CPU
		{CCF7FB8F-DD07-45B8-B0D2-25D262E1709A}.Release|Any CPU.Build.0 = Release|Any CPU
		{3FBCFF7D-61A8-4FB7-B278-A799A2B283CD}.Debug|Any CPU.ActiveCfg = Debug|Any CPU
		{3FBCFF7D-61A8-4FB7-B278-A799A2B283CD}.Debug|Any CPU.Build.0 = Debug|Any CPU
		{3FBCFF7D-61A8-4FB7-B278-A799A2B283CD}.Release|Any CPU.ActiveCfg = Release|Any CPU
		{3FBCFF7D-61A8-4FB7-B278-A799A2B283CD}.Release|Any CPU.Build.0 = Release|Any CPU
		{CC3A045C-3681-43D6-9217-3297B036833D}.Debug|Any CPU.ActiveCfg = Debug|Any CPU
		{CC3A045C-3681-43D6-9217-3297B036833D}.Debug|Any CPU.Build.0 = Debug|Any CPU
		{CC3A045C-3681-43D6-9217-3297B036833D}.Release|Any CPU.ActiveCfg = Release|Any CPU
		{CC3A045C-3681-43D6-9217-3297B036833D}.Release|Any CPU.Build.0 = Release|Any CPU
	EndGlobalSection
	GlobalSection(SolutionProperties) = preSolution
		HideSolutionNode = FALSE
	EndGlobalSection
	GlobalSection(ExtensibilityGlobals) = postSolution
		SolutionGuid = {C2834C7A-B0BC-4936-A834-DA186F783733}
	EndGlobalSection
EndGlobal
